// !$*UTF8*$!
{
	archiveVersion = 1;
	classes = {
	};
	objectVersion = 52;
	objects = {

/* Begin PBXBuildFile section */
		7C89CAAF26819C3A00801FFF /* AppDelegate.swift in Sources */ = {isa = PBXBuildFile; fileRef = 7C89CAAE26819C3A00801FFF /* AppDelegate.swift */; };
		7C89CAB126819C3A00801FFF /* SceneDelegate.swift in Sources */ = {isa = PBXBuildFile; fileRef = 7C89CAB026819C3A00801FFF /* SceneDelegate.swift */; };
		7C89CAB326819C3A00801FFF /* ViewController.swift in Sources */ = {isa = PBXBuildFile; fileRef = 7C89CAB226819C3A00801FFF /* ViewController.swift */; };
		7C89CAB626819C3A00801FFF /* Main.storyboard in Resources */ = {isa = PBXBuildFile; fileRef = 7C89CAB426819C3A00801FFF /* Main.storyboard */; };
		7C89CAB826819C3B00801FFF /* Assets.xcassets in Resources */ = {isa = PBXBuildFile; fileRef = 7C89CAB726819C3B00801FFF /* Assets.xcassets */; };
		7C89CABB26819C3B00801FFF /* LaunchScreen.storyboard in Resources */ = {isa = PBXBuildFile; fileRef = 7C89CAB926819C3B00801FFF /* LaunchScreen.storyboard */; };
		7C89CAC92681BFEE00801FFF /* go_lib_swift_package_demo in Frameworks */ = {isa = PBXBuildFile; productRef = 7C89CAC82681BFEE00801FFF /* go_lib_swift_package_demo */; };
/* End PBXBuildFile section */

/* Begin PBXFileReference section */
		7C89CAAB26819C3A00801FFF /* go_lib_ios_demo.app */ = {isa = PBXFileReference; explicitFileType = wrapper.application; includeInIndex = 0; path = go_lib_ios_demo.app; sourceTree = BUILT_PRODUCTS_DIR; };
		7C89CAAE26819C3A00801FFF /* AppDelegate.swift */ = {isa = PBXFileReference; lastKnownFileType = sourcecode.swift; path = AppDelegate.swift; sourceTree = "<group>"; };
		7C89CAB026819C3A00801FFF /* SceneDelegate.swift */ = {isa = PBXFileReference; lastKnownFileType = sourcecode.swift; path = SceneDelegate.swift; sourceTree = "<group>"; };
		7C89CAB226819C3A00801FFF /* ViewController.swift */ = {isa = PBXFileReference; lastKnownFileType = sourcecode.swift; path = ViewController.swift; sourceTree = "<group>"; };
		7C89CAB526819C3A00801FFF /* Base */ = {isa = PBXFileReference; lastKnownFileType = file.storyboard; name = Base; path = Base.lproj/Main.storyboard; sourceTree = "<group>"; };
		7C89CAB726819C3B00801FFF /* Assets.xcassets */ = {isa = PBXFileReference; lastKnownFileType = folder.assetcatalog; path = Assets.xcassets; sourceTree = "<group>"; };
		7C89CABA26819C3B00801FFF /* Base */ = {isa = PBXFileReference; lastKnownFileType = file.storyboard; name = Base; path = Base.lproj/LaunchScreen.storyboard; sourceTree = "<group>"; };
		7C89CABC26819C3B00801FFF /* Info.plist */ = {isa = PBXFileReference; lastKnownFileType = text.plist.xml; path = Info.plist; sourceTree = "<group>"; };
		7C89CAC326819C4B00801FFF /* Hello.framework */ = {isa = PBXFileReference; lastKnownFileType = wrapper.framework; name = Hello.framework; path = ../../Downloads/Hello.framework; sourceTree = "<group>"; };
/* End PBXFileReference section */

/* Begin PBXFrameworksBuildPhase section */
		7C89CAA826819C3A00801FFF /* Frameworks */ = {
			isa = PBXFrameworksBuildPhase;
			buildActionMask = 2147483647;
			files = (
				7C89CAC92681BFEE00801FFF /* go_lib_swift_package_demo in Frameworks */,
			);
			runOnlyForDeploymentPostprocessing = 0;
		};
/* End PBXFrameworksBuildPhase section */

/* Begin PBXGroup section */
		7C89CAA226819C3A00801FFF = {
			isa = PBXGroup;
			children = (
				7C89CAAD26819C3A00801FFF /* go_lib_ios_demo */,
				7C89CAAC26819C3A00801FFF /* Products */,
				7C89CAC226819C4B00801FFF /* Frameworks */,
			);
			sourceTree = "<group>";
		};
		7C89CAAC26819C3A00801FFF /* Products */ = {
			isa = PBXGroup;
			children = (
				7C89CAAB26819C3A00801FFF /* go_lib_ios_demo.app */,
			);
			name = Products;
			sourceTree = "<group>";
		};
		7C89CAAD26819C3A00801FFF /* go_lib_ios_demo */ = {
			isa = PBXGroup;
			children = (
				7C89CAAE26819C3A00801FFF /* AppDelegate.swift */,
				7C89CAB026819C3A00801FFF /* SceneDelegate.swift */,
				7C89CAB226819C3A00801FFF /* ViewController.swift */,
				7C89CAB426819C3A00801FFF /* Main.storyboard */,
				7C89CAB726819C3B00801FFF /* Assets.xcassets */,
				7C89CAB926819C3B00801FFF /* LaunchScreen.storyboard */,
				7C89CABC26819C3B00801FFF /* Info.plist */,
			);
			path = go_lib_ios_demo;
			sourceTree = "<group>";
		};
		7C89CAC226819C4B00801FFF /* Frameworks */ = {
			isa = PBXGroup;
			children = (
				7C89CAC326819C4B00801FFF /* Hello.framework */,
			);
			name = Frameworks;
			sourceTree = "<group>";
		};
/* End PBXGroup section */

/* Begin PBXNativeTarget section */
		7C89CAAA26819C3A00801FFF /* go_lib_ios_demo */ = {
			isa = PBXNativeTarget;
			buildConfigurationList = 7C89CABF26819C3B00801FFF /* Build configuration list for PBXNativeTarget "go_lib_ios_demo" */;
			buildPhases = (
				7C89CAA726819C3A00801FFF /* Sources */,
				7C89CAA826819C3A00801FFF /* Frameworks */,
				7C89CAA926819C3A00801FFF /* Resources */,
			);
			buildRules = (
			);
			dependencies = (
			);
			name = go_lib_ios_demo;
			packageProductDependencies = (
				7C89CAC82681BFEE00801FFF /* go_lib_swift_package_demo */,
			);
			productName = go_lib_ios_demo;
			productReference = 7C89CAAB26819C3A00801FFF /* go_lib_ios_demo.app */;
			productType = "com.apple.product-type.application";
		};
/* End PBXNativeTarget section */

/* Begin PBXProject section */
		7C89CAA326819C3A00801FFF /* Project object */ = {
			isa = PBXProject;
			attributes = {
				LastSwiftUpdateCheck = 1250;
				LastUpgradeCheck = 1250;
				TargetAttributes = {
					7C89CAAA26819C3A00801FFF = {
						CreatedOnToolsVersion = 12.5;
					};
				};
			};
			buildConfigurationList = 7C89CAA626819C3A00801FFF /* Build configuration list for PBXProject "go_lib_ios_demo" */;
			compatibilityVersion = "Xcode 9.3";
			developmentRegion = en;
			hasScannedForEncodings = 0;
			knownRegions = (
				en,
				Base,
			);
			mainGroup = 7C89CAA226819C3A00801FFF;
			packageReferences = (
				7C89CAC72681BFEE00801FFF /* XCRemoteSwiftPackageReference "go_lib_swift_package_demo" */,
			);
			productRefGroup = 7C89CAAC26819C3A00801FFF /* Products */;
			projectDirPath = "";
			projectRoot = "";
			targets = (
				7C89CAAA26819C3A00801FFF /* go_lib_ios_demo */,
			);
		};
/* End PBXProject section */

/* Begin PBXResourcesBuildPhase section */
		7C89CAA926819C3A00801FFF /* Resources */ = {
			isa = PBXResourcesBuildPhase;
			buildActionMask = 2147483647;
			files = (
				7C89CABB26819C3B00801FFF /* LaunchScreen.storyboard in Resources */,
				7C89CAB826819C3B00801FFF /* Assets.xcassets in Resources */,
				7C89CAB626819C3A00801FFF /* Main.storyboard in Resources */,
			);
			runOnlyForDeploymentPostprocessing = 0;
		};
/* End PBXResourcesBuildPhase section */

/* Begin PBXSourcesBuildPhase section */
		7C89CAA726819C3A00801FFF /* Sources */ = {
			isa = PBXSourcesBuildPhase;
			buildActionMask = 2147483647;
			files = (
				7C89CAB326819C3A00801FFF /* ViewController.swift in Sources */,
				7C89CAAF26819C3A00801FFF /* AppDelegate.swift in Sources */,
				7C89CAB126819C3A00801FFF /* SceneDelegate.swift in Sources */,
			);
			runOnlyForDeploymentPostprocessing = 0;
		};
/* End PBXSourcesBuildPhase section */

/* Begin PBXVariantGroup section */
		7C89CAB426819C3A00801FFF /* Main.storyboard */ = {
			isa = PBXVariantGroup;
			children = (
				7C89CAB526819C3A00801FFF /* Base */,
			);
			name = Main.storyboard;
			sourceTree = "<group>";
		};
		7C89CAB926819C3B00801FFF /* LaunchScreen.storyboard */ = {
			isa = PBXVariantGroup;
			children = (
				7C89CABA26819C3B00801FFF /* Base */,
			);
			name = LaunchScreen.storyboard;
			sourceTree = "<group>";
		};
/* End PBXVariantGroup section */

/* Begin XCBuildConfiguration section */
		7C89CABD26819C3B00801FFF /* Debug */ = {
			isa = XCBuildConfiguration;
			buildSettings = {
				ALWAYS_SEARCH_USER_PATHS = NO;
				CLANG_ANALYZER_NONNULL = YES;
				CLANG_ANALYZER_NUMBER_OBJECT_CONVERSION = YES_AGGRESSIVE;
				CLANG_CXX_LANGUAGE_STANDARD = "gnu++14";
				CLANG_CXX_LIBRARY = "libc++";
				CLANG_ENABLE_MODULES = YES;
				CLANG_ENABLE_OBJC_ARC = YES;
				CLANG_ENABLE_OBJC_WEAK = YES;
				CLANG_WARN_BLOCK_CAPTURE_AUTORELEASING = YES;
				CLANG_WARN_BOOL_CONVERSION = YES;
				CLANG_WARN_COMMA = YES;
				CLANG_WARN_CONSTANT_CONVERSION = YES;
				CLANG_WARN_DEPRECATED_OBJC_IMPLEMENTATIONS = YES;
				CLANG_WARN_DIRECT_OBJC_ISA_USAGE = YES_ERROR;
				CLANG_WARN_DOCUMENTATION_COMMENTS = YES;
				CLANG_WARN_EMPTY_BODY = YES;
				CLANG_WARN_ENUM_CONVERSION = YES;
				CLANG_WARN_INFINITE_RECURSION = YES;
				CLANG_WARN_INT_CONVERSION = YES;
				CLANG_WARN_NON_LITERAL_NULL_CONVERSION = YES;
				CLANG_WARN_OBJC_IMPLICIT_RETAIN_SELF = YES;
				CLANG_WARN_OBJC_LITERAL_CONVERSION = YES;
				CLANG_WARN_OBJC_ROOT_CLASS = YES_ERROR;
				CLANG_WARN_QUOTED_INCLUDE_IN_FRAMEWORK_HEADER = YES;
				CLANG_WARN_RANGE_LOOP_ANALYSIS = YES;
				CLANG_WARN_STRICT_PROTOTYPES = YES;
				CLANG_WARN_SUSPICIOUS_MOVE = YES;
				CLANG_WARN_UNGUARDED_AVAILABILITY = YES_AGGRESSIVE;
				CLANG_WARN_UNREACHABLE_CODE = YES;
				CLANG_WARN__DUPLICATE_METHOD_MATCH = YES;
				COPY_PHASE_STRIP = NO;
				DEBUG_INFORMATION_FORMAT = dwarf;
				ENABLE_STRICT_OBJC_MSGSEND = YES;
				ENABLE_TESTABILITY = YES;
				GCC_C_LANGUAGE_STANDARD = gnu11;
				GCC_DYNAMIC_NO_PIC = NO;
				GCC_NO_COMMON_BLOCKS = YES;
				GCC_OPTIMIZATION_LEVEL = 0;
				GCC_PREPROCESSOR_DEFINITIONS = (
					"DEBUG=1",
					"$(inherited)",
				);
				GCC_WARN_64_TO_32_BIT_CONVERSION = YES;
				GCC_WARN_ABOUT_RETURN_TYPE = YES_ERROR;
				GCC_WARN_UNDECLARED_SELECTOR = YES;
				GCC_WARN_UNINITIALIZED_AUTOS = YES_AGGRESSIVE;
				GCC_WARN_UNUSED_FUNCTION = YES;
				GCC_WARN_UNUSED_VARIABLE = YES;
				IPHONEOS_DEPLOYMENT_TARGET = 14.5;
				MTL_ENABLE_DEBUG_INFO = INCLUDE_SOURCE;
				MTL_FAST_MATH = YES;
				ONLY_ACTIVE_ARCH = YES;
				SDKROOT = iphoneos;
				SWIFT_ACTIVE_COMPILATION_CONDITIONS = DEBUG;
				SWIFT_OPTIMIZATION_LEVEL = "-Onone";
			};
			name = Debug;
		};
		7C89CABE26819C3B00801FFF /* Release */ = {
			isa = XCBuildConfiguration;
			buildSettings = {
				ALWAYS_SEARCH_USER_PATHS = NO;
				CLANG_ANALYZER_NONNULL = YES;
				CLANG_ANALYZER_NUMBER_OBJECT_CONVERSION = YES_AGGRESSIVE;
				CLANG_CXX_LANGUAGE_STANDARD = "gnu++14";
				CLANG_CXX_LIBRARY = "libc++";
				CLANG_ENABLE_MODULES = YES;
				CLANG_ENABLE_OBJC_ARC = YES;
				CLANG_ENABLE_OBJC_WEAK = YES;
				CLANG_WARN_BLOCK_CAPTURE_AUTORELEASING = YES;
				CLANG_WARN_BOOL_CONVERSION = YES;
				CLANG_WARN_COMMA = YES;
				CLANG_WARN_CONSTANT_CONVERSION = YES;
				CLANG_WARN_DEPRECATED_OBJC_IMPLEMENTATIONS = YES;
				CLANG_WARN_DIRECT_OBJC_ISA_USAGE = YES_ERROR;
				CLANG_WARN_DOCUMENTATION_COMMENTS = YES;
				CLANG_WARN_EMPTY_BODY = YES;
				CLANG_WARN_ENUM_CONVERSION = YES;
				CLANG_WARN_INFINITE_RECURSION = YES;
				CLANG_WARN_INT_CONVERSION = YES;
				CLANG_WARN_NON_LITERAL_NULL_CONVERSION = YES;
				CLANG_WARN_OBJC_IMPLICIT_RETAIN_SELF = YES;
				CLANG_WARN_OBJC_LITERAL_CONVERSION = YES;
				CLANG_WARN_OBJC_ROOT_CLASS = YES_ERROR;
				CLANG_WARN_QUOTED_INCLUDE_IN_FRAMEWORK_HEADER = YES;
				CLANG_WARN_RANGE_LOOP_ANALYSIS = YES;
				CLANG_WARN_STRICT_PROTOTYPES = YES;
				CLANG_WARN_SUSPICIOUS_MOVE = YES;
				CLANG_WARN_UNGUARDED_AVAILABILITY = YES_AGGRESSIVE;
				CLANG_WARN_UNREACHABLE_CODE = YES;
				CLANG_WARN__DUPLICATE_METHOD_MATCH = YES;
				COPY_PHASE_STRIP = NO;
				DEBUG_INFORMATION_FORMAT = "dwarf-with-dsym";
				ENABLE_NS_ASSERTIONS = NO;
				ENABLE_STRICT_OBJC_MSGSEND = YES;
				GCC_C_LANGUAGE_STANDARD = gnu11;
				GCC_NO_COMMON_BLOCKS = YES;
				GCC_WARN_64_TO_32_BIT_CONVERSION = YES;
				GCC_WARN_ABOUT_RETURN_TYPE = YES_ERROR;
				GCC_WARN_UNDECLARED_SELECTOR = YES;
				GCC_WARN_UNINITIALIZED_AUTOS = YES_AGGRESSIVE;
				GCC_WARN_UNUSED_FUNCTION = YES;
				GCC_WARN_UNUSED_VARIABLE = YES;
				IPHONEOS_DEPLOYMENT_TARGET = 14.5;
				MTL_ENABLE_DEBUG_INFO = NO;
				MTL_FAST_MATH = YES;
				SDKROOT = iphoneos;
				SWIFT_COMPILATION_MODE = wholemodule;
				SWIFT_OPTIMIZATION_LEVEL = "-O";
				VALIDATE_PRODUCT = YES;
			};
			name = Release;
		};
		7C89CAC026819C3B00801FFF /* Debug */ = {
			isa = XCBuildConfiguration;
			buildSettings = {
				ASSETCATALOG_COMPILER_APPICON_NAME = AppIcon;
				ASSETCATALOG_COMPILER_GLOBAL_ACCENT_COLOR_NAME = AccentColor;
				CODE_SIGN_STYLE = Automatic;
				DEVELOPMENT_TEAM = ZF6B5F34CY;
				INFOPLIST_FILE = go_lib_ios_demo/Info.plist;
				LD_RUNPATH_SEARCH_PATHS = (
					"$(inherited)",
					"@executable_path/Frameworks",
				);
				PRODUCT_BUNDLE_IDENTIFIER = "kevinzhow.go-lib-ios-demo";
				PRODUCT_NAME = "$(TARGET_NAME)";
				SWIFT_VERSION = 5.0;
				TARGETED_DEVICE_FAMILY = "1,2";
			};
			name = Debug;
		};
		7C89CAC126819C3B00801FFF /* Release */ = {
			isa = XCBuildConfiguration;
			buildSettings = {
				ASSETCATALOG_COMPILER_APPICON_NAME = AppIcon;
				ASSETCATALOG_COMPILER_GLOBAL_ACCENT_COLOR_NAME = AccentColor;
				CODE_SIGN_STYLE = Automatic;
				DEVELOPMENT_TEAM = ZF6B5F34CY;
				INFOPLIST_FILE = go_lib_ios_demo/Info.plist;
				LD_RUNPATH_SEARCH_PATHS = (
					"$(inherited)",
					"@executable_path/Frameworks",
				);
				PRODUCT_BUNDLE_IDENTIFIER = "kevinzhow.go-lib-ios-demo";
				PRODUCT_NAME = "$(TARGET_NAME)";
				SWIFT_VERSION = 5.0;
				TARGETED_DEVICE_FAMILY = "1,2";
			};
			name = Release;
		};
/* End XCBuildConfiguration section */

/* Begin XCConfigurationList section */
		7C89CAA626819C3A00801FFF /* Build configuration list for PBXProject "go_lib_ios_demo" */ = {
			isa = XCConfigurationList;
			buildConfigurations = (
				7C89CABD26819C3B00801FFF /* Debug */,
				7C89CABE26819C3B00801FFF /* Release */,
			);
			defaultConfigurationIsVisible = 0;
			defaultConfigurationName = Release;
		};
		7C89CABF26819C3B00801FFF /* Build configuration list for PBXNativeTarget "go_lib_ios_demo" */ = {
			isa = XCConfigurationList;
			buildConfigurations = (
				7C89CAC026819C3B00801FFF /* Debug */,
				7C89CAC126819C3B00801FFF /* Release */,
			);
			defaultConfigurationIsVisible = 0;
			defaultConfigurationName = Release;
		};
/* End XCConfigurationList section */

/* Begin XCRemoteSwiftPackageReference section */
		7C89CAC72681BFEE00801FFF /* XCRemoteSwiftPackageReference "go_lib_swift_package_demo" */ = {
			isa = XCRemoteSwiftPackageReference;
			repositoryURL = "file:///Users/zhoukaiwen/GitHub/go_lib_swift_package_demo";
			requirement = {
				branch = main;
				kind = branch;
			};
		};
/* End XCRemoteSwiftPackageReference section */

/* Begin XCSwiftPackageProductDependency section */
		7C89CAC82681BFEE00801FFF /* go_lib_swift_package_demo */ = {
			isa = XCSwiftPackageProductDependency;
			package = 7C89CAC72681BFEE00801FFF /* XCRemoteSwiftPackageReference "go_lib_swift_package_demo" */;
			productName = go_lib_swift_package_demo;
		};
/* End XCSwiftPackageProductDependency section */
	};
	rootObject = 7C89CAA326819C3A00801FFF /* Project object */;
}
